
Microsoft Visual Studio Solution File, Format Version 12.00
# Visual Studio Version 17
VisualStudioVersion = 17.11.35208.52
MinimumVisualStudioVersion = 10.0.40219.1
Project("{9A19103F-16F7-4668-BE54-9A1E7A4F7556}") = "RSK.API", "RSK.API\RSK.API.csproj", "{0A2FAC73-E4C3-48F6-AF0E-FACFCF36D547}"
EndProject
Project("{9A19103F-16F7-4668-BE54-9A1E7A4F7556}") = "RSK.Dominio", "RSK.Dominio\RSK.Dominio.csproj", "{DB6BBD5D-0E0B-4FB1-8805-AAA876A283B2}"
EndProject
Project("{9A19103F-16F7-4668-BE54-9A1E7A4F7556}") = "RSK.Infraestrutura", "RSK.Infraestrutura\RSK.Infraestrutura.csproj", "{0592A853-6382-4294-8FEC-479BD21024D1}"
EndProject
Project("{FAE04EC0-301F-11D3-BF4B-00C04F79EFBC}") = "RSK.Agendador", "RSK.Agendador\RSK.Agendador.csproj", "{325A32C9-C368-4B1E-B642-1B8CCF3EFD5F}"
EndProject
Global
	GlobalSection(SolutionConfigurationPlatforms) = preSolution
		Debug|Any CPU = Debug|Any CPU
		Release|Any CPU = Release|Any CPU
	EndGlobalSection
	GlobalSection(ProjectConfigurationPlatforms) = postSolution
		{0A2FAC73-E4C3-48F6-AF0E-FACFCF36D547}.Debug|Any CPU.ActiveCfg = Debug|Any CPU
		{0A2FAC73-E4C3-48F6-AF0E-FACFCF36D547}.Debug|Any CPU.Build.0 = Debug|Any CPU
		{0A2FAC73-E4C3-48F6-AF0E-FACFCF36D547}.Release|Any CPU.ActiveCfg = Release|Any CPU
		{0A2FAC73-E4C3-48F6-AF0E-FACFCF36D547}.Release|Any CPU.Build.0 = Release|Any CPU
		{DB6BBD5D-0E0B-4FB1-8805-AAA876A283B2}.Debug|Any CPU.ActiveCfg = Debug|Any CPU
		{DB6BBD5D-0E0B-4FB1-8805-AAA876A283B2}.Debug|Any CPU.Build.0 = Debug|Any CPU
		{DB6BBD5D-0E0B-4FB1-8805-AAA876A283B2}.Release|Any CPU.ActiveCfg = Release|Any CPU
		{DB6BBD5D-0E0B-4FB1-8805-AAA876A283B2}.Release|Any CPU.Build.0 = Release|Any CPU
		{0592A853-6382-4294-8FEC-479BD21024D1}.Debug|Any CPU.ActiveCfg = Debug|Any CPU
		{0592A853-6382-4294-8FEC-479BD21024D1}.Debug|Any CPU.Build.0 = Debug|Any CPU
		{0592A853-6382-4294-8FEC-479BD21024D1}.Release|Any CPU.ActiveCfg = Release|Any CPU
		{0592A853-6382-4294-8FEC-479BD21024D1}.Release|Any CPU.Build.0 = Release|Any CPU
		{325A32C9-C368-4B1E-B642-1B8CCF3EFD5F}.Debug|Any CPU.ActiveCfg = Debug|Any CPU
		{325A32C9-C368-4B1E-B642-1B8CCF3EFD5F}.Debug|Any CPU.Build.0 = Debug|Any CPU
		{325A32C9-C368-4B1E-B642-1B8CCF3EFD5F}.Release|Any CPU.ActiveCfg = Release|Any CPU
		{325A32C9-C368-4B1E-B642-1B8CCF3EFD5F}.Release|Any CPU.Build.0 = Release|Any CPU
	EndGlobalSection
	GlobalSection(SolutionProperties) = preSolution
		HideSolutionNode = FALSE
	EndGlobalSection
	GlobalSection(ExtensibilityGlobals) = postSolution
		SolutionGuid = {3E3ECE44-AB01-4BEE-9500-C4CAA77F14EB}
	EndGlobalSection
EndGlobal
